
Microsoft Visual Studio Solution File, Format Version 12.00
# Visual Studio Version 17
VisualStudioVersion = 17.12.35707.178
MinimumVisualStudioVersion = 10.0.40219.1
Project("{2150E333-8FDC-42A3-9474-1A3956D46DE8}") = "Services", "Services", "{8A8724E4-216A-4798-BED7-936CF1B7CCFE}"
EndProject
Project("{FAE04EC0-301F-11D3-BF4B-00C04F79EFBC}") = "Catalog.API", "Services\Catalog.api\Catalog.API.csproj", "{01651E00-8F20-4A9F-BF38-4F8D73D520E4}"
EndProject
Global
	GlobalSection(SolutionConfigurationPlatforms) = preSolution
		Debug|Any CPU = Debug|Any CPU
		Release|Any CPU = Release|Any CPU
	EndGlobalSection
	GlobalSection(ProjectConfigurationPlatforms) = postSolution
		{01651E00-8F20-4A9F-BF38-4F8D73D520E4}.Debug|Any CPU.ActiveCfg = Debug|Any CPU
		{01651E00-8F20-4A9F-BF38-4F8D73D520E4}.Debug|Any CPU.Build.0 = Debug|Any CPU
		{01651E00-8F20-4A9F-BF38-4F8D73D520E4}.Release|Any CPU.ActiveCfg = Release|Any CPU
		{01651E00-8F20-4A9F-BF38-4F8D73D520E4}.Release|Any CPU.Build.0 = Release|Any CPU
	EndGlobalSection
	GlobalSection(SolutionProperties) = preSolution
		HideSolutionNode = FALSE
	EndGlobalSection
	GlobalSection(NestedProjects) = preSolution
		{01651E00-8F20-4A9F-BF38-4F8D73D520E4} = {8A8724E4-216A-4798-BED7-936CF1B7CCFE}
	EndGlobalSection
EndGlobal
